Microsoft Visual Studio Solution File, Format Version 10.00
# Visual Studio 2008
Project("{FAE04EC0-301F-11D3-BF4B-00C04F79EFBC}") = "NetSync", "NetSync.csproj", "{BC2BF698-6612-4A95-966F-DDA9E9F95CE6}"
EndProject
Global
	GlobalSection(SolutionConfigurationPlatforms) = preSolution
		Debug|Any CPU = Debug|Any CPU
		Release|Any CPU = Release|Any CPU
	EndGlobalSection
	GlobalSection(ProjectConfigurationPlatforms) = postSolution
		{BC2BF698-6612-4A95-966F-DDA9E9F95CE6}.Debug|Any CPU.ActiveCfg = Debug|Any CPU
		{BC2BF698-6612-4A95-966F-DDA9E9F95CE6}.Debug|Any CPU.Build.0 = Debug|Any CPU
		{BC2BF698-6612-4A95-966F-DDA9E9F95CE6}.Release|Any CPU.ActiveCfg = Release|Any CPU
		{BC2BF698-6612-4A95-966F-DDA9E9F95CE6}.Release|Any CPU.Build.0 = Release|Any CPU
	EndGlobalSection
	GlobalSection(SolutionProperties) = preSolution
		HideSolutionNode = FALSE
	EndGlobalSection
EndGlobal
